
Microsoft Visual Studio Solution File, Format Version 12.00
# Visual Studio Version 17
VisualStudioVersion = 17.0.31903.59
MinimumVisualStudioVersion = 10.0.40219.1
Project("{FAE04EC0-301F-11D3-BF4B-00C04F79EFBC}") = "RightSize", "RightSize\RightSize.csproj", "{83E1827F-7F47-4579-A543-F2208CDB5765}"
EndProject
Project("{FAE04EC0-301F-11D3-BF4B-00C04F79EFBC}") = "ChangeString", "ChangeString\ChangeString.csproj", "{942A8E14-ED04-4450-8E03-A98DEDC788FD}"
EndProject
Project("{FAE04EC0-301F-11D3-BF4B-00C04F79EFBC}") = "ArrayMult", "ArrayMult\ArrayMult.csproj", "{540CFD8D-8B8C-4962-AABE-41AA51828A3F}"
EndProject
Project("{FAE04EC0-301F-11D3-BF4B-00C04F79EFBC}") = "HeroPerks", "HeroPerks\HeroPerks.csproj", "{35B82F6C-62B9-49E4-BE8B-37C201A4E974}"
EndProject
Project("{FAE04EC0-301F-11D3-BF4B-00C04F79EFBC}") = "PowTwoUntil", "PowTwoUntil\PowTwoUntil.csproj", "{6B280077-F33F-422A-88DA-626B7E17A66B}"
EndProject
Project("{FAE04EC0-301F-11D3-BF4B-00C04F79EFBC}") = "FamousQuotes", "FamousQuotes\FamousQuotes.csproj", "{81837FA5-FE54-41F0-95E9-E68643EB80C7}"
EndProject
Project("{FAE04EC0-301F-11D3-BF4B-00C04F79EFBC}") = "RPS", "RPS\RPS.csproj", "{54B07C11-D0A6-4831-B303-29F50D6F467B}"
EndProject
Global
	GlobalSection(SolutionConfigurationPlatforms) = preSolution
		Debug|Any CPU = Debug|Any CPU
		Release|Any CPU = Release|Any CPU
	EndGlobalSection
	GlobalSection(SolutionProperties) = preSolution
		HideSolutionNode = FALSE
	EndGlobalSection
	GlobalSection(ProjectConfigurationPlatforms) = postSolution
		{83E1827F-7F47-4579-A543-F2208CDB5765}.Debug|Any CPU.ActiveCfg = Debug|Any CPU
		{83E1827F-7F47-4579-A543-F2208CDB5765}.Debug|Any CPU.Build.0 = Debug|Any CPU
		{83E1827F-7F47-4579-A543-F2208CDB5765}.Release|Any CPU.ActiveCfg = Release|Any CPU
		{83E1827F-7F47-4579-A543-F2208CDB5765}.Release|Any CPU.Build.0 = Release|Any CPU
		{942A8E14-ED04-4450-8E03-A98DEDC788FD}.Debug|Any CPU.ActiveCfg = Debug|Any CPU
		{942A8E14-ED04-4450-8E03-A98DEDC788FD}.Debug|Any CPU.Build.0 = Debug|Any CPU
		{942A8E14-ED04-4450-8E03-A98DEDC788FD}.Release|Any CPU.ActiveCfg = Release|Any CPU
		{942A8E14-ED04-4450-8E03-A98DEDC788FD}.Release|Any CPU.Build.0 = Release|Any CPU
		{540CFD8D-8B8C-4962-AABE-41AA51828A3F}.Debug|Any CPU.ActiveCfg = Debug|Any CPU
		{540CFD8D-8B8C-4962-AABE-41AA51828A3F}.Debug|Any CPU.Build.0 = Debug|Any CPU
		{540CFD8D-8B8C-4962-AABE-41AA51828A3F}.Release|Any CPU.ActiveCfg = Release|Any CPU
		{540CFD8D-8B8C-4962-AABE-41AA51828A3F}.Release|Any CPU.Build.0 = Release|Any CPU
		{35B82F6C-62B9-49E4-BE8B-37C201A4E974}.Debug|Any CPU.ActiveCfg = Debug|Any CPU
		{35B82F6C-62B9-49E4-BE8B-37C201A4E974}.Debug|Any CPU.Build.0 = Debug|Any CPU
		{35B82F6C-62B9-49E4-BE8B-37C201A4E974}.Release|Any CPU.ActiveCfg = Release|Any CPU
		{35B82F6C-62B9-49E4-BE8B-37C201A4E974}.Release|Any CPU.Build.0 = Release|Any CPU
		{6B280077-F33F-422A-88DA-626B7E17A66B}.Debug|Any CPU.ActiveCfg = Debug|Any CPU
		{6B280077-F33F-422A-88DA-626B7E17A66B}.Debug|Any CPU.Build.0 = Debug|Any CPU
		{6B280077-F33F-422A-88DA-626B7E17A66B}.Release|Any CPU.ActiveCfg = Release|Any CPU
		{6B280077-F33F-422A-88DA-626B7E17A66B}.Release|Any CPU.Build.0 = Release|Any CPU
		{81837FA5-FE54-41F0-95E9-E68643EB80C7}.Debug|Any CPU.ActiveCfg = Debug|Any CPU
		{81837FA5-FE54-41F0-95E9-E68643EB80C7}.Debug|Any CPU.Build.0 = Debug|Any CPU
		{81837FA5-FE54-41F0-95E9-E68643EB80C7}.Release|Any CPU.ActiveCfg = Release|Any CPU
		{81837FA5-FE54-41F0-95E9-E68643EB80C7}.Release|Any CPU.Build.0 = Release|Any CPU
		{54B07C11-D0A6-4831-B303-29F50D6F467B}.Debug|Any CPU.ActiveCfg = Debug|Any CPU
		{54B07C11-D0A6-4831-B303-29F50D6F467B}.Debug|Any CPU.Build.0 = Debug|Any CPU
		{54B07C11-D0A6-4831-B303-29F50D6F467B}.Release|Any CPU.ActiveCfg = Release|Any CPU
		{54B07C11-D0A6-4831-B303-29F50D6F467B}.Release|Any CPU.Build.0 = Release|Any CPU
	EndGlobalSection
EndGlobal
